// !$*UTF8*$!
{
	archiveVersion = 1;
	classes = {
	};
	objectVersion = 55;
	objects = {

/* Begin PBXBuildFile section */
		06417F336F0F6DA02EF20773 /* Pods_LaunchTest_LaunchTestUITests.framework in Frameworks */ = {isa = PBXBuildFile; fileRef = E2417193C5F72E245C848D99 /* Pods_LaunchTest_LaunchTestUITests.framework */; };
		85AC7F1E5CDBC85C1A12BBEC /* Pods_LaunchTestTests.framework in Frameworks */ = {isa = PBXBuildFile; fileRef = EA7C6D355943F71FC09A14AC /* Pods_LaunchTestTests.framework */; };
		A4C2361C28A2513F00D43AF6 /* AppDelegate.m in Sources */ = {isa = PBXBuildFile; fileRef = A4C2361B28A2513F00D43AF6 /* AppDelegate.m */; };
		A4C2361F28A2513F00D43AF6 /* SceneDelegate.m in Sources */ = {isa = PBXBuildFile; fileRef = A4C2361E28A2513F00D43AF6 /* SceneDelegate.m */; };
		A4C2362228A2513F00D43AF6 /* ViewController.m in Sources */ = {isa = PBXBuildFile; fileRef = A4C2362128A2513F00D43AF6 /* ViewController.m */; };
		A4C2362528A2513F00D43AF6 /* Main.storyboard in Resources */ = {isa = PBXBuildFile; fileRef = A4C2362328A2513F00D43AF6 /* Main.storyboard */; };
		A4C2362728A2514100D43AF6 /* Assets.xcassets in Resources */ = {isa = PBXBuildFile; fileRef = A4C2362628A2514100D43AF6 /* Assets.xcassets */; };
		A4C2362A28A2514100D43AF6 /* LaunchScreen.storyboard in Resources */ = {isa = PBXBuildFile; fileRef = A4C2362828A2514100D43AF6 /* LaunchScreen.storyboard */; };
		A4C2362D28A2514100D43AF6 /* main.m in Sources */ = {isa = PBXBuildFile; fileRef = A4C2362C28A2514100D43AF6 /* main.m */; };
		A4C2363728A2514100D43AF6 /* LaunchTestTests.m in Sources */ = {isa = PBXBuildFile; fileRef = A4C2363628A2514100D43AF6 /* LaunchTestTests.m */; };
		A4C2364128A2514100D43AF6 /* LaunchTestUITests.m in Sources */ = {isa = PBXBuildFile; fileRef = A4C2364028A2514100D43AF6 /* LaunchTestUITests.m */; };
		A4C2364328A2514100D43AF6 /* LaunchTestUITestsLaunchTests.m in Sources */ = {isa = PBXBuildFile; fileRef = A4C2364228A2514100D43AF6 /* LaunchTestUITestsLaunchTests.m */; };
		A4C2365128A340DB00D43AF6 /* SecondVC.m in Sources */ = {isa = PBXBuildFile; fileRef = A4C2365028A340DB00D43AF6 /* SecondVC.m */; };
		A4C2365428A3513800D43AF6 /* ThirdVC.m in Sources */ = {isa = PBXBuildFile; fileRef = A4C2365328A3513800D43AF6 /* ThirdVC.m */; };
		A4C2365628A395F000D43AF6 /* Resources.xcassets in Resources */ = {isa = PBXBuildFile; fileRef = A4C2365528A395F000D43AF6 /* Resources.xcassets */; };
		A4C2365A28A3990600D43AF6 /* PTabBarVC.m in Sources */ = {isa = PBXBuildFile; fileRef = A4C2365928A3990600D43AF6 /* PTabBarVC.m */; };
		A4C2366128A39ABC00D43AF6 /* MineVC.m in Sources */ = {isa = PBXBuildFile; fileRef = A4C2366028A39ABC00D43AF6 /* MineVC.m */; };
		A4C2366628A39CDA00D43AF6 /* MainVC.m in Sources */ = {isa = PBXBuildFile; fileRef = A4C2366528A39CDA00D43AF6 /* MainVC.m */; };
		A4C2366828A39CEE00D43AF6 /* MemberVC.m in Sources */ = {isa = PBXBuildFile; fileRef = A4C2366728A39CEE00D43AF6 /* MemberVC.m */; };
		A4C2366C28A39D1E00D43AF6 /* OrderVC.m in Sources */ = {isa = PBXBuildFile; fileRef = A4C2366B28A39D1E00D43AF6 /* OrderVC.m */; };
		A4C2367528A3A7DE00D43AF6 /* PTabbarCell.m in Sources */ = {isa = PBXBuildFile; fileRef = A4C2367428A3A7DE00D43AF6 /* PTabbarCell.m */; };
		A4C2367828A3AAB600D43AF6 /* PRootTabItemModel.m in Sources */ = {isa = PBXBuildFile; fileRef = A4C2367728A3AAB600D43AF6 /* PRootTabItemModel.m */; };
		A4ED62BC28A4A28F000F08B1 /* UIColor+Hex.m in Sources */ = {isa = PBXBuildFile; fileRef = A4ED62BB28A4A28F000F08B1 /* UIColor+Hex.m */; };
		A4ED62C228A4E985000F08B1 /* MoreVC.m in Sources */ = {isa = PBXBuildFile; fileRef = A4ED62C128A4E985000F08B1 /* MoreVC.m */; };
		EA25BACF653727220A43C6D9 /* Pods_LaunchTest.framework in Frameworks */ = {isa = PBXBuildFile; fileRef = D0FC9DB5A48D4F7DD868AF59 /* Pods_LaunchTest.framework */; };
/* End PBXBuildFile section */

/* Begin PBXContainerItemProxy section */
		A4C2363328A2514100D43AF6 /* PBXContainerItemProxy */ = {
			isa = PBXContainerItemProxy;
			containerPortal = A4C2360F28A2513F00D43AF6 /* Project object */;
			proxyType = 1;
			remoteGlobalIDString = A4C2361628A2513F00D43AF6;
			remoteInfo = LaunchTest;
		};
		A4C2363D28A2514100D43AF6 /* PBXContainerItemProxy */ = {
			isa = PBXContainerItemProxy;
			containerPortal = A4C2360F28A2513F00D43AF6 /* Project object */;
			proxyType = 1;
			remoteGlobalIDString = A4C2361628A2513F00D43AF6;
			remoteInfo = LaunchTest;
		};
/* End PBXContainerItemProxy section */

/* Begin PBXFileReference section */
		4618A18BC0B622C7EB3EBDE8 /* Pods-LaunchTestTests.debug.xcconfig */ = {isa = PBXFileReference; includeInIndex = 1; lastKnownFileType = text.xcconfig; name = "Pods-LaunchTestTests.debug.xcconfig"; path = "Target Support Files/Pods-LaunchTestTests/Pods-LaunchTestTests.debug.xcconfig"; sourceTree = "<group>"; };
		57062885485917E1C490A310 /* Pods-LaunchTest.debug.xcconfig */ = {isa = PBXFileReference; includeInIndex = 1; lastKnownFileType = text.xcconfig; name = "Pods-LaunchTest.debug.xcconfig"; path = "Target Support Files/Pods-LaunchTest/Pods-LaunchTest.debug.xcconfig"; sourceTree = "<group>"; };
		5BEE5A53D8FB394390B92123 /* Pods-LaunchTestTests.release.xcconfig */ = {isa = PBXFileReference; includeInIndex = 1; lastKnownFileType = text.xcconfig; name = "Pods-LaunchTestTests.release.xcconfig"; path = "Target Support Files/Pods-LaunchTestTests/Pods-LaunchTestTests.release.xcconfig"; sourceTree = "<group>"; };
		83CF7C3D718FF74449847068 /* Pods-LaunchTest-LaunchTestUITests.release.xcconfig */ = {isa = PBXFileReference; includeInIndex = 1; lastKnownFileType = text.xcconfig; name = "Pods-LaunchTest-LaunchTestUITests.release.xcconfig"; path = "Target Support Files/Pods-LaunchTest-LaunchTestUITests/Pods-LaunchTest-LaunchTestUITests.release.xcconfig"; sourceTree = "<group>"; };
		9A5980ADEBFA00AAB309F3B7 /* Pods-LaunchTest-LaunchTestUITests.debug.xcconfig */ = {isa = PBXFileReference; includeInIndex = 1; lastKnownFileType = text.xcconfig; name = "Pods-LaunchTest-LaunchTestUITests.debug.xcconfig"; path = "Target Support Files/Pods-LaunchTest-LaunchTestUITests/Pods-LaunchTest-LaunchTestUITests.debug.xcconfig"; sourceTree = "<group>"; };
		A4C2361728A2513F00D43AF6 /* LaunchTest.app */ = {isa = PBXFileReference; explicitFileType = wrapper.application; includeInIndex = 0; path = LaunchTest.app; sourceTree = BUILT_PRODUCTS_DIR; };
		A4C2361A28A2513F00D43AF6 /* AppDelegate.h */ = {isa = PBXFileReference; lastKnownFileType = sourcecode.c.h; path = AppDelegate.h; sourceTree = "<group>"; };
		A4C2361B28A2513F00D43AF6 /* AppDelegate.m */ = {isa = PBXFileReference; lastKnownFileType = sourcecode.c.objc; path = AppDelegate.m; sourceTree = "<group>"; };
		A4C2361D28A2513F00D43AF6 /* SceneDelegate.h */ = {isa = PBXFileReference; lastKnownFileType = sourcecode.c.h; path = SceneDelegate.h; sourceTree = "<group>"; };
		A4C2361E28A2513F00D43AF6 /* SceneDelegate.m */ = {isa = PBXFileReference; lastKnownFileType = sourcecode.c.objc; path = SceneDelegate.m; sourceTree = "<group>"; };
		A4C2362028A2513F00D43AF6 /* ViewController.h */ = {isa = PBXFileReference; lastKnownFileType = sourcecode.c.h; path = ViewController.h; sourceTree = "<group>"; };
		A4C2362128A2513F00D43AF6 /* ViewController.m */ = {isa = PBXFileReference; lastKnownFileType = sourcecode.c.objc; path = ViewController.m; sourceTree = "<group>"; };
		A4C2362428A2513F00D43AF6 /* Base */ = {isa = PBXFileReference; lastKnownFileType = file.storyboard; name = Base; path = Base.lproj/Main.storyboard; sourceTree = "<group>"; };
		A4C2362628A2514100D43AF6 /* Assets.xcassets */ = {isa = PBXFileReference; lastKnownFileType = folder.assetcatalog; path = Assets.xcassets; sourceTree = "<group>"; };
		A4C2362928A2514100D43AF6 /* Base */ = {isa = PBXFileReference; lastKnownFileType = file.storyboard; name = Base; path = Base.lproj/LaunchScreen.storyboard; sourceTree = "<group>"; };
		A4C2362B28A2514100D43AF6 /* Info.plist */ = {isa = PBXFileReference; lastKnownFileType = text.plist.xml; path = Info.plist; sourceTree = "<group>"; };
		A4C2362C28A2514100D43AF6 /* main.m */ = {isa = PBXFileReference; lastKnownFileType = sourcecode.c.objc; path = main.m; sourceTree = "<group>"; };
		A4C2363228A2514100D43AF6 /* LaunchTestTests.xctest */ = {isa = PBXFileReference; explicitFileType = wrapper.cfbundle; includeInIndex = 0; path = LaunchTestTests.xctest; sourceTree = BUILT_PRODUCTS_DIR; };
		A4C2363628A2514100D43AF6 /* LaunchTestTests.m */ = {isa = PBXFileReference; lastKnownFileType = sourcecode.c.objc; path = LaunchTestTests.m; sourceTree = "<group>"; };
		A4C2363C28A2514100D43AF6 /* LaunchTestUITests.xctest */ = {isa = PBXFileReference; explicitFileType = wrapper.cfbundle; includeInIndex = 0; path = LaunchTestUITests.xctest; sourceTree = BUILT_PRODUCTS_DIR; };
		A4C2364028A2514100D43AF6 /* LaunchTestUITests.m */ = {isa = PBXFileReference; lastKnownFileType = sourcecode.c.objc; path = LaunchTestUITests.m; sourceTree = "<group>"; };
		A4C2364228A2514100D43AF6 /* LaunchTestUITestsLaunchTests.m */ = {isa = PBXFileReference; lastKnownFileType = sourcecode.c.objc; path = LaunchTestUITestsLaunchTests.m; sourceTree = "<group>"; };
		A4C2364F28A340BD00D43AF6 /* SecondVC.h */ = {isa = PBXFileReference; lastKnownFileType = sourcecode.c.h; path = SecondVC.h; sourceTree = "<group>"; };
		A4C2365028A340DB00D43AF6 /* SecondVC.m */ = {isa = PBXFileReference; lastKnownFileType = sourcecode.c.objc; path = SecondVC.m; sourceTree = "<group>"; };
		A4C2365228A3512800D43AF6 /* ThirdVC.h */ = {isa = PBXFileReference; lastKnownFileType = sourcecode.c.h; path = ThirdVC.h; sourceTree = "<group>"; };
		A4C2365328A3513800D43AF6 /* ThirdVC.m */ = {isa = PBXFileReference; lastKnownFileType = sourcecode.c.objc; path = ThirdVC.m; sourceTree = "<group>"; };
		A4C2365528A395F000D43AF6 /* Resources.xcassets */ = {isa = PBXFileReference; lastKnownFileType = folder.assetcatalog; path = Resources.xcassets; sourceTree = "<group>"; };
		A4C2365828A398F400D43AF6 /* PTabBarVC.h */ = {isa = PBXFileReference; lastKnownFileType = sourcecode.c.h; path = PTabBarVC.h; sourceTree = "<group>"; };
		A4C2365928A3990600D43AF6 /* PTabBarVC.m */ = {isa = PBXFileReference; lastKnownFileType = sourcecode.c.objc; path = PTabBarVC.m; sourceTree = "<group>"; };
		A4C2365F28A39A2300D43AF6 /* MineVC.h */ = {isa = PBXFileReference; lastKnownFileType = sourcecode.c.h; path = MineVC.h; sourceTree = "<group>"; };
		A4C2366028A39ABC00D43AF6 /* MineVC.m */ = {isa = PBXFileReference; lastKnownFileType = sourcecode.c.objc; path = MineVC.m; sourceTree = "<group>"; };
		A4C2366428A39CCC00D43AF6 /* MainVC.h */ = {isa = PBXFileReference; lastKnownFileType = sourcecode.c.h; path = MainVC.h; sourceTree = "<group>"; };
		A4C2366528A39CDA00D43AF6 /* MainVC.m */ = {isa = PBXFileReference; lastKnownFileType = sourcecode.c.objc; path = MainVC.m; sourceTree = "<group>"; };
		A4C2366728A39CEE00D43AF6 /* MemberVC.m */ = {isa = PBXFileReference; lastKnownFileType = sourcecode.c.objc; path = MemberVC.m; sourceTree = "<group>"; };
		A4C2366928A39CFB00D43AF6 /* MemberVC.h */ = {isa = PBXFileReference; lastKnownFileType = sourcecode.c.h; path = MemberVC.h; sourceTree = "<group>"; };
		A4C2366A28A39D1100D43AF6 /* OrderVC.h */ = {isa = PBXFileReference; lastKnownFileType = sourcecode.c.h; path = OrderVC.h; sourceTree = "<group>"; };
		A4C2366B28A39D1E00D43AF6 /* OrderVC.m */ = {isa = PBXFileReference; lastKnownFileType = sourcecode.c.objc; path = OrderVC.m; sourceTree = "<group>"; };
		A4C2366D28A3A3EC00D43AF6 /* PTabbarItem.h */ = {isa = PBXFileReference; lastKnownFileType = sourcecode.c.h; path = PTabbarItem.h; sourceTree = "<group>"; };
		A4C2367028A3A4E600D43AF6 /* PRootTabItemModel.h */ = {isa = PBXFileReference; lastKnownFileType = sourcecode.c.h; path = PRootTabItemModel.h; sourceTree = "<group>"; };
		A4C2367128A3A73700D43AF6 /* PTabbarView.h */ = {isa = PBXFileReference; lastKnownFileType = sourcecode.c.h; path = PTabbarView.h; sourceTree = "<group>"; };
		A4C2367328A3A7D000D43AF6 /* PTabbarCell.h */ = {isa = PBXFileReference; lastKnownFileType = sourcecode.c.h; path = PTabbarCell.h; sourceTree = "<group>"; };
		A4C2367428A3A7DE00D43AF6 /* PTabbarCell.m */ = {isa = PBXFileReference; lastKnownFileType = sourcecode.c.objc; path = PTabbarCell.m; sourceTree = "<group>"; };
		A4C2367728A3AAB600D43AF6 /* PRootTabItemModel.m */ = {isa = PBXFileReference; lastKnownFileType = sourcecode.c.objc; path = PRootTabItemModel.m; sourceTree = "<group>"; };
		A4ED62BA28A4A28F000F08B1 /* UIColor+Hex.h */ = {isa = PBXFileReference; lastKnownFileType = sourcecode.c.h; path = "UIColor+Hex.h"; sourceTree = "<group>"; };
		A4ED62BB28A4A28F000F08B1 /* UIColor+Hex.m */ = {isa = PBXFileReference; lastKnownFileType = sourcecode.c.objc; path = "UIColor+Hex.m"; sourceTree = "<group>"; };
		A4ED62C028A4E976000F08B1 /* MoreVC.h */ = {isa = PBXFileReference; lastKnownFileType = sourcecode.c.h; path = MoreVC.h; sourceTree = "<group>"; };
		A4ED62C128A4E985000F08B1 /* MoreVC.m */ = {isa = PBXFileReference; lastKnownFileType = sourcecode.c.objc; path = MoreVC.m; sourceTree = "<group>"; };
		B8DAF65261205B8833A5E768 /* Pods-LaunchTest.release.xcconfig */ = {isa = PBXFileReference; includeInIndex = 1; lastKnownFileType = text.xcconfig; name = "Pods-LaunchTest.release.xcconfig"; path = "Target Support Files/Pods-LaunchTest/Pods-LaunchTest.release.xcconfig"; sourceTree = "<group>"; };
		D0FC9DB5A48D4F7DD868AF59 /* Pods_LaunchTest.framework */ = {isa = PBXFileReference; explicitFileType = wrapper.framework; includeInIndex = 0; path = Pods_LaunchTest.framework; sourceTree = BUILT_PRODUCTS_DIR; };
		E2417193C5F72E245C848D99 /* Pods_LaunchTest_LaunchTestUITests.framework */ = {isa = PBXFileReference; explicitFileType = wrapper.framework; includeInIndex = 0; path = Pods_LaunchTest_LaunchTestUITests.framework; sourceTree = BUILT_PRODUCTS_DIR; };
		EA7C6D355943F71FC09A14AC /* Pods_LaunchTestTests.framework */ = {isa = PBXFileReference; explicitFileType = wrapper.framework; includeInIndex = 0; path = Pods_LaunchTestTests.framework; sourceTree = BUILT_PRODUCTS_DIR; };
/* End PBXFileReference section */

/* Begin PBXFrameworksBuildPhase section */
		A4C2361428A2513F00D43AF6 /* Frameworks */ = {
			isa = PBXFrameworksBuildPhase;
			buildActionMask = 2147483647;
			files = (
				EA25BACF653727220A43C6D9 /* Pods_LaunchTest.framework in Frameworks */,
			);
			runOnlyForDeploymentPostprocessing = 0;
		};
		A4C2362F28A2514100D43AF6 /* Frameworks */ = {
			isa = PBXFrameworksBuildPhase;
			buildActionMask = 2147483647;
			files = (
				85AC7F1E5CDBC85C1A12BBEC /* Pods_LaunchTestTests.framework in Frameworks */,
			);
			runOnlyForDeploymentPostprocessing = 0;
		};
		A4C2363928A2514100D43AF6 /* Frameworks */ = {
			isa = PBXFrameworksBuildPhase;
			buildActionMask = 2147483647;
			files = (
				06417F336F0F6DA02EF20773 /* Pods_LaunchTest_LaunchTestUITests.framework in Frameworks */,
			);
			runOnlyForDeploymentPostprocessing = 0;
		};
/* End PBXFrameworksBuildPhase section */

/* Begin PBXGroup section */
		A441E41612F9DFEE762FF42C /* Pods */ = {
			isa = PBXGroup;
			children = (
				57062885485917E1C490A310 /* Pods-LaunchTest.debug.xcconfig */,
				B8DAF65261205B8833A5E768 /* Pods-LaunchTest.release.xcconfig */,
				9A5980ADEBFA00AAB309F3B7 /* Pods-LaunchTest-LaunchTestUITests.debug.xcconfig */,
				83CF7C3D718FF74449847068 /* Pods-LaunchTest-LaunchTestUITests.release.xcconfig */,
				4618A18BC0B622C7EB3EBDE8 /* Pods-LaunchTestTests.debug.xcconfig */,
				5BEE5A53D8FB394390B92123 /* Pods-LaunchTestTests.release.xcconfig */,
			);
			name = Pods;
			path = Pods;
			sourceTree = "<group>";
		};
		A4C2360E28A2513F00D43AF6 = {
			isa = PBXGroup;
			children = (
				A4C2361928A2513F00D43AF6 /* LaunchTest */,
				A4C2363528A2514100D43AF6 /* LaunchTestTests */,
				A4C2363F28A2514100D43AF6 /* LaunchTestUITests */,
				A4C2361828A2513F00D43AF6 /* Products */,
				A441E41612F9DFEE762FF42C /* Pods */,
				D31EC7AE10E73D74FBF63B4B /* Frameworks */,
			);
			sourceTree = "<group>";
		};
		A4C2361828A2513F00D43AF6 /* Products */ = {
			isa = PBXGroup;
			children = (
				A4C2361728A2513F00D43AF6 /* LaunchTest.app */,
				A4C2363228A2514100D43AF6 /* LaunchTestTests.xctest */,
				A4C2363C28A2514100D43AF6 /* LaunchTestUITests.xctest */,
			);
			name = Products;
			sourceTree = "<group>";
		};
		A4C2361928A2513F00D43AF6 /* LaunchTest */ = {
			isa = PBXGroup;
			children = (
				A4ED62BF28A4E964000F08B1 /* MoreVC */,
				A4ED62BD28A4D367000F08B1 /* PushTest */,
				A4C2365728A398C200D43AF6 /* Tabbar */,
				A4C2361A28A2513F00D43AF6 /* AppDelegate.h */,
				A4C2361B28A2513F00D43AF6 /* AppDelegate.m */,
				A4C2361D28A2513F00D43AF6 /* SceneDelegate.h */,
				A4C2361E28A2513F00D43AF6 /* SceneDelegate.m */,
				A4C2362028A2513F00D43AF6 /* ViewController.h */,
				A4C2362128A2513F00D43AF6 /* ViewController.m */,
				A4C2365528A395F000D43AF6 /* Resources.xcassets */,
				A4C2362328A2513F00D43AF6 /* Main.storyboard */,
				A4C2362628A2514100D43AF6 /* Assets.xcassets */,
				A4C2362828A2514100D43AF6 /* LaunchScreen.storyboard */,
				A4C2362B28A2514100D43AF6 /* Info.plist */,
				A4C2362C28A2514100D43AF6 /* main.m */,
			);
			path = LaunchTest;
			sourceTree = "<group>";
		};
		A4C2363528A2514100D43AF6 /* LaunchTestTests */ = {
			isa = PBXGroup;
			children = (
				A4C2363628A2514100D43AF6 /* LaunchTestTests.m */,
			);
			path = LaunchTestTests;
			sourceTree = "<group>";
		};
		A4C2363F28A2514100D43AF6 /* LaunchTestUITests */ = {
			isa = PBXGroup;
			children = (
				A4C2364028A2514100D43AF6 /* LaunchTestUITests.m */,
				A4C2364228A2514100D43AF6 /* LaunchTestUITestsLaunchTests.m */,
			);
			path = LaunchTestUITests;
			sourceTree = "<group>";
		};
		A4C2365728A398C200D43AF6 /* Tabbar */ = {
			isa = PBXGroup;
			children = (
				A4ED62BA28A4A28F000F08B1 /* UIColor+Hex.h */,
				A4ED62BB28A4A28F000F08B1 /* UIColor+Hex.m */,
				A4C2367628A3AA7C00D43AF6 /* Model */,
				A4C2367228A3A7AC00D43AF6 /* View */,
				A4C2365E28A399F700D43AF6 /* Order */,
				A4C2365D28A399E100D43AF6 /* Member */,
				A4C2365C28A399DC00D43AF6 /* Main */,
				A4C2365B28A399D400D43AF6 /* Mine */,
				A4C2365828A398F400D43AF6 /* PTabBarVC.h */,
				A4C2365928A3990600D43AF6 /* PTabBarVC.m */,
				A4C2367128A3A73700D43AF6 /* PTabbarView.h */,
				A4C2366D28A3A3EC00D43AF6 /* PTabbarItem.h */,
			);
			path = Tabbar;
			sourceTree = "<group>";
		};
		A4C2365B28A399D400D43AF6 /* Mine */ = {
			isa = PBXGroup;
			children = (
				A4C2365F28A39A2300D43AF6 /* MineVC.h */,
				A4C2366028A39ABC00D43AF6 /* MineVC.m */,
			);
			path = Mine;
			sourceTree = "<group>";
		};
		A4C2365C28A399DC00D43AF6 /* Main */ = {
			isa = PBXGroup;
			children = (
				A4C2366428A39CCC00D43AF6 /* MainVC.h */,
				A4C2366528A39CDA00D43AF6 /* MainVC.m */,
			);
			path = Main;
			sourceTree = "<group>";
		};
		A4C2365D28A399E100D43AF6 /* Member */ = {
			isa = PBXGroup;
			children = (
				A4C2366928A39CFB00D43AF6 /* MemberVC.h */,
				A4C2366728A39CEE00D43AF6 /* MemberVC.m */,
			);
			path = Member;
			sourceTree = "<group>";
		};
		A4C2365E28A399F700D43AF6 /* Order */ = {
			isa = PBXGroup;
			children = (
				A4C2366A28A39D1100D43AF6 /* OrderVC.h */,
				A4C2366B28A39D1E00D43AF6 /* OrderVC.m */,
			);
			path = Order;
			sourceTree = "<group>";
		};
		A4C2367228A3A7AC00D43AF6 /* View */ = {
			isa = PBXGroup;
			children = (
				A4C2367328A3A7D000D43AF6 /* PTabbarCell.h */,
				A4C2367428A3A7DE00D43AF6 /* PTabbarCell.m */,
			);
			path = View;
			sourceTree = "<group>";
		};
		A4C2367628A3AA7C00D43AF6 /* Model */ = {
			isa = PBXGroup;
			children = (
				A4C2367028A3A4E600D43AF6 /* PRootTabItemModel.h */,
				A4C2367728A3AAB600D43AF6 /* PRootTabItemModel.m */,
			);
			path = Model;
			sourceTree = "<group>";
		};
		A4ED62BD28A4D367000F08B1 /* PushTest */ = {
			isa = PBXGroup;
			children = (
				A4C2365228A3512800D43AF6 /* ThirdVC.h */,
				A4C2365328A3513800D43AF6 /* ThirdVC.m */,
				A4C2364F28A340BD00D43AF6 /* SecondVC.h */,
				A4C2365028A340DB00D43AF6 /* SecondVC.m */,
			);
			path = PushTest;
			sourceTree = "<group>";
		};
		A4ED62BF28A4E964000F08B1 /* MoreVC */ = {
			isa = PBXGroup;
			children = (
				A4ED62C028A4E976000F08B1 /* MoreVC.h */,
				A4ED62C128A4E985000F08B1 /* MoreVC.m */,
			);
			path = MoreVC;
			sourceTree = "<group>";
		};
		D31EC7AE10E73D74FBF63B4B /* Frameworks */ = {
			isa = PBXGroup;
			children = (
				D0FC9DB5A48D4F7DD868AF59 /* Pods_LaunchTest.framework */,
				E2417193C5F72E245C848D99 /* Pods_LaunchTest_LaunchTestUITests.framework */,
				EA7C6D355943F71FC09A14AC /* Pods_LaunchTestTests.framework */,
			);
			name = Frameworks;
			sourceTree = "<group>";
		};
/* End PBXGroup section */

/* Begin PBXNativeTarget section */
		A4C2361628A2513F00D43AF6 /* LaunchTest */ = {
			isa = PBXNativeTarget;
			buildConfigurationList = A4C2364628A2514100D43AF6 /* Build configuration list for PBXNativeTarget "LaunchTest" */;
			buildPhases = (
				154C5EB8D9EFC721D3319E88 /* [CP] Check Pods Manifest.lock */,
				A4C2361328A2513F00D43AF6 /* Sources */,
				A4C2361428A2513F00D43AF6 /* Frameworks */,
				A4C2361528A2513F00D43AF6 /* Resources */,
			);
			buildRules = (
			);
			dependencies = (
			);
			name = LaunchTest;
			productName = LaunchTest;
			productReference = A4C2361728A2513F00D43AF6 /* LaunchTest.app */;
			productType = "com.apple.product-type.application";
		};
		A4C2363128A2514100D43AF6 /* LaunchTestTests */ = {
			isa = PBXNativeTarget;
			buildConfigurationList = A4C2364928A2514100D43AF6 /* Build configuration list for PBXNativeTarget "LaunchTestTests" */;
			buildPhases = (
				F9C8C4D2322B2C299D36329D /* [CP] Check Pods Manifest.lock */,
				A4C2362E28A2514100D43AF6 /* Sources */,
				A4C2362F28A2514100D43AF6 /* Frameworks */,
				A4C2363028A2514100D43AF6 /* Resources */,
			);
			buildRules = (
			);
			dependencies = (
				A4C2363428A2514100D43AF6 /* PBXTargetDependency */,
			);
			name = LaunchTestTests;
			productName = LaunchTestTests;
			productReference = A4C2363228A2514100D43AF6 /* LaunchTestTests.xctest */;
			productType = "com.apple.product-type.bundle.unit-test";
		};
		A4C2363B28A2514100D43AF6 /* LaunchTestUITests */ = {
			isa = PBXNativeTarget;
			buildConfigurationList = A4C2364C28A2514100D43AF6 /* Build configuration list for PBXNativeTarget "LaunchTestUITests" */;
			buildPhases = (
				623B7133D0D7BFB254538B7D /* [CP] Check Pods Manifest.lock */,
				A4C2363828A2514100D43AF6 /* Sources */,
				A4C2363928A2514100D43AF6 /* Frameworks */,
				A4C2363A28A2514100D43AF6 /* Resources */,
			);
			buildRules = (
			);
			dependencies = (
				A4C2363E28A2514100D43AF6 /* PBXTargetDependency */,
			);
			name = LaunchTestUITests;
			productName = LaunchTestUITests;
			productReference = A4C2363C28A2514100D43AF6 /* LaunchTestUITests.xctest */;
			productType = "com.apple.product-type.bundle.ui-testing";
		};
/* End PBXNativeTarget section */

/* Begin PBXProject section */
		A4C2360F28A2513F00D43AF6 /* Project object */ = {
			isa = PBXProject;
			attributes = {
				BuildIndependentTargetsInParallel = 1;
				LastUpgradeCheck = 1340;
				TargetAttributes = {
					A4C2361628A2513F00D43AF6 = {
						CreatedOnToolsVersion = 13.4.1;
					};
					A4C2363128A2514100D43AF6 = {
						CreatedOnToolsVersion = 13.4.1;
						TestTargetID = A4C2361628A2513F00D43AF6;
					};
					A4C2363B28A2514100D43AF6 = {
						CreatedOnToolsVersion = 13.4.1;
						TestTargetID = A4C2361628A2513F00D43AF6;
					};
				};
			};
			buildConfigurationList = A4C2361228A2513F00D43AF6 /* Build configuration list for PBXProject "LaunchTest" */;
			compatibilityVersion = "Xcode 13.0";
			developmentRegion = en;
			hasScannedForEncodings = 0;
			knownRegions = (
				en,
				Base,
			);
			mainGroup = A4C2360E28A2513F00D43AF6;
			productRefGroup = A4C2361828A2513F00D43AF6 /* Products */;
			projectDirPath = "";
			projectRoot = "";
			targets = (
				A4C2361628A2513F00D43AF6 /* LaunchTest */,
				A4C2363128A2514100D43AF6 /* LaunchTestTests */,
				A4C2363B28A2514100D43AF6 /* LaunchTestUITests */,
			);
		};
/* End PBXProject section */

/* Begin PBXResourcesBuildPhase section */
		A4C2361528A2513F00D43AF6 /* Resources */ = {
			isa = PBXResourcesBuildPhase;
			buildActionMask = 2147483647;
			files = (
				A4C2362A28A2514100D43AF6 /* LaunchScreen.storyboard in Resources */,
				A4C2365628A395F000D43AF6 /* Resources.xcassets in Resources */,
				A4C2362728A2514100D43AF6 /* Assets.xcassets in Resources */,
				A4C2362528A2513F00D43AF6 /* Main.storyboard in Resources */,
			);
			runOnlyForDeploymentPostprocessing = 0;
		};
		A4C2363028A2514100D43AF6 /* Resources */ = {
			isa = PBXResourcesBuildPhase;
			buildActionMask = 2147483647;
			files = (
			);
			runOnlyForDeploymentPostprocessing = 0;
		};
		A4C2363A28A2514100D43AF6 /* Resources */ = {
			isa = PBXResourcesBuildPhase;
			buildActionMask = 2147483647;
			files = (
			);
			runOnlyForDeploymentPostprocessing = 0;
		};
/* End PBXResourcesBuildPhase section */

/* Begin PBXShellScriptBuildPhase section */
		154C5EB8D9EFC721D3319E88 /* [CP] Check Pods Manifest.lock */ = {
			isa = PBXShellScriptBuildPhase;
			buildActionMask = 2147483647;
			files = (
			);
			inputFileListPaths = (
			);
			inputPaths = (
				"${PODS_PODFILE_DIR_PATH}/Podfile.lock",
				"${PODS_ROOT}/Manifest.lock",
			);
			name = "[CP] Check Pods Manifest.lock";
			outputFileListPaths = (
			);
			outputPaths = (
				"$(DERIVED_FILE_DIR)/Pods-LaunchTest-checkManifestLockResult.txt",
			);
			runOnlyForDeploymentPostprocessing = 0;
			shellPath = /bin/sh;
			shellScript = "diff \"${PODS_PODFILE_DIR_PATH}/Podfile.lock\" \"${PODS_ROOT}/Manifest.lock\" > /dev/null\nif [ $? != 0 ] ; then\n    # print error to STDERR\n    echo \"error: The sandbox is not in sync with the Podfile.lock. Run 'pod install' or update your CocoaPods installation.\" >&2\n    exit 1\nfi\n# This output is used by Xcode 'outputs' to avoid re-running this script phase.\necho \"SUCCESS\" > \"${SCRIPT_OUTPUT_FILE_0}\"\n";
			showEnvVarsInLog = 0;
		};
		623B7133D0D7BFB254538B7D /* [CP] Check Pods Manifest.lock */ = {
			isa = PBXShellScriptBuildPhase;
			buildActionMask = 2147483647;
			files = (
			);
			inputFileListPaths = (
			);
			inputPaths = (
				"${PODS_PODFILE_DIR_PATH}/Podfile.lock",
				"${PODS_ROOT}/Manifest.lock",
			);
			name = "[CP] Check Pods Manifest.lock";
			outputFileListPaths = (
			);
			outputPaths = (
				"$(DERIVED_FILE_DIR)/Pods-LaunchTest-LaunchTestUITests-checkManifestLockResult.txt",
			);
			runOnlyForDeploymentPostprocessing = 0;
			shellPath = /bin/sh;
			shellScript = "diff \"${PODS_PODFILE_DIR_PATH}/Podfile.lock\" \"${PODS_ROOT}/Manifest.lock\" > /dev/null\nif [ $? != 0 ] ; then\n    # print error to STDERR\n    echo \"error: The sandbox is not in sync with the Podfile.lock. Run 'pod install' or update your CocoaPods installation.\" >&2\n    exit 1\nfi\n# This output is used by Xcode 'outputs' to avoid re-running this script phase.\necho \"SUCCESS\" > \"${SCRIPT_OUTPUT_FILE_0}\"\n";
			showEnvVarsInLog = 0;
		};
		F9C8C4D2322B2C299D36329D /* [CP] Check Pods Manifest.lock */ = {
			isa = PBXShellScriptBuildPhase;
			buildActionMask = 2147483647;
			files = (
			);
			inputFileListPaths = (
			);
			inputPaths = (
				"${PODS_PODFILE_DIR_PATH}/Podfile.lock",
				"${PODS_ROOT}/Manifest.lock",
			);
			name = "[CP] Check Pods Manifest.lock";
			outputFileListPaths = (
			);
			outputPaths = (
				"$(DERIVED_FILE_DIR)/Pods-LaunchTestTests-checkManifestLockResult.txt",
			);
			runOnlyForDeploymentPostprocessing = 0;
			shellPath = /bin/sh;
			shellScript = "diff \"${PODS_PODFILE_DIR_PATH}/Podfile.lock\" \"${PODS_ROOT}/Manifest.lock\" > /dev/null\nif [ $? != 0 ] ; then\n    # print error to STDERR\n    echo \"error: The sandbox is not in sync with the Podfile.lock. Run 'pod install' or update your CocoaPods installation.\" >&2\n    exit 1\nfi\n# This output is used by Xcode 'outputs' to avoid re-running this script phase.\necho \"SUCCESS\" > \"${SCRIPT_OUTPUT_FILE_0}\"\n";
			showEnvVarsInLog = 0;
		};
/* End PBXShellScriptBuildPhase section */

/* Begin PBXSourcesBuildPhase section */
		A4C2361328A2513F00D43AF6 /* Sources */ = {
			isa = PBXSourcesBuildPhase;
			buildActionMask = 2147483647;
			files = (
				A4C2367528A3A7DE00D43AF6 /* PTabbarCell.m in Sources */,
				A4C2365428A3513800D43AF6 /* ThirdVC.m in Sources */,
				A4C2366C28A39D1E00D43AF6 /* OrderVC.m in Sources */,
				A4ED62C228A4E985000F08B1 /* MoreVC.m in Sources */,
				A4C2362228A2513F00D43AF6 /* ViewController.m in Sources */,
				A4C2361C28A2513F00D43AF6 /* AppDelegate.m in Sources */,
				A4C2366628A39CDA00D43AF6 /* MainVC.m in Sources */,
				A4C2366828A39CEE00D43AF6 /* MemberVC.m in Sources */,
				A4C2367828A3AAB600D43AF6 /* PRootTabItemModel.m in Sources */,
				A4C2362D28A2514100D43AF6 /* main.m in Sources */,
				A4C2365128A340DB00D43AF6 /* SecondVC.m in Sources */,
				A4C2366128A39ABC00D43AF6 /* MineVC.m in Sources */,
				A4ED62BC28A4A28F000F08B1 /* UIColor+Hex.m in Sources */,
				A4C2361F28A2513F00D43AF6 /* SceneDelegate.m in Sources */,
				A4C2365A28A3990600D43AF6 /* PTabBarVC.m in Sources */,
			);
			runOnlyForDeploymentPostprocessing = 0;
		};
		A4C2362E28A2514100D43AF6 /* Sources */ = {
			isa = PBXSourcesBuildPhase;
			buildActionMask = 2147483647;
			files = (
				A4C2363728A2514100D43AF6 /* LaunchTestTests.m in Sources */,
			);
			runOnlyForDeploymentPostprocessing = 0;
		};
		A4C2363828A2514100D43AF6 /* Sources */ = {
			isa = PBXSourcesBuildPhase;
			buildActionMask = 2147483647;
			files = (
				A4C2364128A2514100D43AF6 /* LaunchTestUITests.m in Sources */,
				A4C2364328A2514100D43AF6 /* LaunchTestUITestsLaunchTests.m in Sources */,
			);
			runOnlyForDeploymentPostprocessing = 0;
		};
/* End PBXSourcesBuildPhase section */

/* Begin PBXTargetDependency section */
		A4C2363428A2514100D43AF6 /* PBXTargetDependency */ = {
			isa = PBXTargetDependency;
			target = A4C2361628A2513F00D43AF6 /* LaunchTest */;
			targetProxy = A4C2363328A2514100D43AF6 /* PBXContainerItemProxy */;
		};
		A4C2363E28A2514100D43AF6 /* PBXTargetDependency */ = {
			isa = PBXTargetDependency;
			target = A4C2361628A2513F00D43AF6 /* LaunchTest */;
			targetProxy = A4C2363D28A2514100D43AF6 /* PBXContainerItemProxy */;
		};
/* End PBXTargetDependency section */

/* Begin PBXVariantGroup section */
		A4C2362328A2513F00D43AF6 /* Main.storyboard */ = {
			isa = PBXVariantGroup;
			children = (
				A4C2362428A2513F00D43AF6 /* Base */,
			);
			name = Main.storyboard;
			sourceTree = "<group>";
		};
		A4C2362828A2514100D43AF6 /* LaunchScreen.storyboard */ = {
			isa = PBXVariantGroup;
			children = (
				A4C2362928A2514100D43AF6 /* Base */,
			);
			name = LaunchScreen.storyboard;
			sourceTree = "<group>";
		};
/* End PBXVariantGroup section */

/* Begin XCBuildConfiguration section */
		A4C2364428A2514100D43AF6 /* Debug */ = {
			isa = XCBuildConfiguration;
			buildSettings = {
				ALWAYS_SEARCH_USER_PATHS = NO;
				CLANG_ANALYZER_NONNULL = YES;
				CLANG_ANALYZER_NUMBER_OBJECT_CONVERSION = YES_AGGRESSIVE;
				CLANG_CXX_LANGUAGE_STANDARD = "gnu++17";
				CLANG_ENABLE_MODULES = YES;
				CLANG_ENABLE_OBJC_ARC = YES;
				CLANG_ENABLE_OBJC_WEAK = YES;
				CLANG_WARN_BLOCK_CAPTURE_AUTORELEASING = YES;
				CLANG_WARN_BOOL_CONVERSION = YES;
				CLANG_WARN_COMMA = YES;
				CLANG_WARN_CONSTANT_CONVERSION = YES;
				CLANG_WARN_DEPRECATED_OBJC_IMPLEMENTATIONS = YES;
				CLANG_WARN_DIRECT_OBJC_ISA_USAGE = YES_ERROR;
				CLANG_WARN_DOCUMENTATION_COMMENTS = YES;
				CLANG_WARN_EMPTY_BODY = YES;
				CLANG_WARN_ENUM_CONVERSION = YES;
				CLANG_WARN_INFINITE_RECURSION = YES;
				CLANG_WARN_INT_CONVERSION = YES;
				CLANG_WARN_NON_LITERAL_NULL_CONVERSION = YES;
				CLANG_WARN_OBJC_IMPLICIT_RETAIN_SELF = YES;
				CLANG_WARN_OBJC_LITERAL_CONVERSION = YES;
				CLANG_WARN_OBJC_ROOT_CLASS = YES_ERROR;
				CLANG_WARN_QUOTED_INCLUDE_IN_FRAMEWORK_HEADER = YES;
				CLANG_WARN_RANGE_LOOP_ANALYSIS = YES;
				CLANG_WARN_STRICT_PROTOTYPES = YES;
				CLANG_WARN_SUSPICIOUS_MOVE = YES;
				CLANG_WARN_UNGUARDED_AVAILABILITY = YES_AGGRESSIVE;
				CLANG_WARN_UNREACHABLE_CODE = YES;
				CLANG_WARN__DUPLICATE_METHOD_MATCH = YES;
				COPY_PHASE_STRIP = NO;
				DEBUG_INFORMATION_FORMAT = dwarf;
				ENABLE_STRICT_OBJC_MSGSEND = YES;
				ENABLE_TESTABILITY = YES;
				GCC_C_LANGUAGE_STANDARD = gnu11;
				GCC_DYNAMIC_NO_PIC = NO;
				GCC_NO_COMMON_BLOCKS = YES;
				GCC_OPTIMIZATION_LEVEL = 0;
				GCC_PREPROCESSOR_DEFINITIONS = (
					"DEBUG=1",
					"$(inherited)",
				);
				GCC_WARN_64_TO_32_BIT_CONVERSION = YES;
				GCC_WARN_ABOUT_RETURN_TYPE = YES_ERROR;
				GCC_WARN_UNDECLARED_SELECTOR = YES;
				GCC_WARN_UNINITIALIZED_AUTOS = YES_AGGRESSIVE;
				GCC_WARN_UNUSED_FUNCTION = YES;
				GCC_WARN_UNUSED_VARIABLE = YES;
				IPHONEOS_DEPLOYMENT_TARGET = 15.5;
				MTL_ENABLE_DEBUG_INFO = INCLUDE_SOURCE;
				MTL_FAST_MATH = YES;
				ONLY_ACTIVE_ARCH = YES;
				SDKROOT = iphoneos;
			};
			name = Debug;
		};
		A4C2364528A2514100D43AF6 /* Release */ = {
			isa = XCBuildConfiguration;
			buildSettings = {
				ALWAYS_SEARCH_USER_PATHS = NO;
				CLANG_ANALYZER_NONNULL = YES;
				CLANG_ANALYZER_NUMBER_OBJECT_CONVERSION = YES_AGGRESSIVE;
				CLANG_CXX_LANGUAGE_STANDARD = "gnu++17";
				CLANG_ENABLE_MODULES = YES;
				CLANG_ENABLE_OBJC_ARC = YES;
				CLANG_ENABLE_OBJC_WEAK = YES;
				CLANG_WARN_BLOCK_CAPTURE_AUTORELEASING = YES;
				CLANG_WARN_BOOL_CONVERSION = YES;
				CLANG_WARN_COMMA = YES;
				CLANG_WARN_CONSTANT_CONVERSION = YES;
				CLANG_WARN_DEPRECATED_OBJC_IMPLEMENTATIONS = YES;
				CLANG_WARN_DIRECT_OBJC_ISA_USAGE = YES_ERROR;
				CLANG_WARN_DOCUMENTATION_COMMENTS = YES;
				CLANG_WARN_EMPTY_BODY = YES;
				CLANG_WARN_ENUM_CONVERSION = YES;
				CLANG_WARN_INFINITE_RECURSION = YES;
				CLANG_WARN_INT_CONVERSION = YES;
				CLANG_WARN_NON_LITERAL_NULL_CONVERSION = YES;
				CLANG_WARN_OBJC_IMPLICIT_RETAIN_SELF = YES;
				CLANG_WARN_OBJC_LITERAL_CONVERSION = YES;
				CLANG_WARN_OBJC_ROOT_CLASS = YES_ERROR;
				CLANG_WARN_QUOTED_INCLUDE_IN_FRAMEWORK_HEADER = YES;
				CLANG_WARN_RANGE_LOOP_ANALYSIS = YES;
				CLANG_WARN_STRICT_PROTOTYPES = YES;
				CLANG_WARN_SUSPICIOUS_MOVE = YES;
				CLANG_WARN_UNGUARDED_AVAILABILITY = YES_AGGRESSIVE;
				CLANG_WARN_UNREACHABLE_CODE = YES;
				CLANG_WARN__DUPLICATE_METHOD_MATCH = YES;
				COPY_PHASE_STRIP = NO;
				DEBUG_INFORMATION_FORMAT = "dwarf-with-dsym";
				ENABLE_NS_ASSERTIONS = NO;
				ENABLE_STRICT_OBJC_MSGSEND = YES;
				GCC_C_LANGUAGE_STANDARD = gnu11;
				GCC_NO_COMMON_BLOCKS = YES;
				GCC_WARN_64_TO_32_BIT_CONVERSION = YES;
				GCC_WARN_ABOUT_RETURN_TYPE = YES_ERROR;
				GCC_WARN_UNDECLARED_SELECTOR = YES;
				GCC_WARN_UNINITIALIZED_AUTOS = YES_AGGRESSIVE;
				GCC_WARN_UNUSED_FUNCTION = YES;
				GCC_WARN_UNUSED_VARIABLE = YES;
				IPHONEOS_DEPLOYMENT_TARGET = 15.5;
				MTL_ENABLE_DEBUG_INFO = NO;
				MTL_FAST_MATH = YES;
				SDKROOT = iphoneos;
				VALIDATE_PRODUCT = YES;
			};
			name = Release;
		};
		A4C2364728A2514100D43AF6 /* Debug */ = {
			isa = XCBuildConfiguration;
			baseConfigurationReference = 57062885485917E1C490A310 /* Pods-LaunchTest.debug.xcconfig */;
			buildSettings = {
				ASSETCATALOG_COMPILER_APPICON_NAME = AppIcon;
				ASSETCATALOG_COMPILER_GLOBAL_ACCENT_COLOR_NAME = AccentColor;
				CODE_SIGN_STYLE = Automatic;
				CURRENT_PROJECT_VERSION = 1;
				DEVELOPMENT_TEAM = PC8ALQ6DAN;
				GENERATE_INFOPLIST_FILE = YES;
				INFOPLIST_FILE = LaunchTest/Info.plist;
				INFOPLIST_KEY_UIApplicationSupportsIndirectInputEvents = YES;
				INFOPLIST_KEY_UILaunchStoryboardName = LaunchScreen;
				INFOPLIST_KEY_UIMainStoryboardFile = Main;
				INFOPLIST_KEY_UISupportedInterfaceOrientations_iPad = "UIInterfaceOrientationPortrait UIInterfaceOrientationPortraitUpsideDown UIInterfaceOrientationLandscapeLeft UIInterfaceOrientationLandscapeRight";
				INFOPLIST_KEY_UISupportedInterfaceOrientations_iPhone = "UIInterfaceOrientationPortrait UIInterfaceOrientationLandscapeLeft UIInterfaceOrientationLandscapeRight";
				LD_RUNPATH_SEARCH_PATHS = (
					"$(inherited)",
					"@executable_path/Frameworks",
				);
				MARKETING_VERSION = 1.0;
				PRODUCT_BUNDLE_IDENTIFIER = com.migu.LaunchTest;
				PRODUCT_NAME = "$(TARGET_NAME)";
				SWIFT_EMIT_LOC_STRINGS = YES;
				TARGETED_DEVICE_FAMILY = "1,2";
			};
			name = Debug;
		};
		A4C2364828A2514100D43AF6 /* Release */ = {
			isa = XCBuildConfiguration;
			baseConfigurationReference = B8DAF65261205B8833A5E768 /* Pods-LaunchTest.release.xcconfig */;
			buildSettings = {
				ASSETCATALOG_COMPILER_APPICON_NAME = AppIcon;
				ASSETCATALOG_COMPILER_GLOBAL_ACCENT_COLOR_NAME = AccentColor;
				CODE_SIGN_STYLE = Automatic;
				CURRENT_PROJECT_VERSION = 1;
				DEVELOPMENT_TEAM = PC8ALQ6DAN;
				GENERATE_INFOPLIST_FILE = YES;
				INFOPLIST_FILE = LaunchTest/Info.plist;
				INFOPLIST_KEY_UIApplicationSupportsIndirectInputEvents = YES;
				INFOPLIST_KEY_UILaunchStoryboardName = LaunchScreen;
				INFOPLIST_KEY_UIMainStoryboardFile = Main;
				INFOPLIST_KEY_UISupportedInterfaceOrientations_iPad = "UIInterfaceOrientationPortrait UIInterfaceOrientationPortraitUpsideDown UIInterfaceOrientationLandscapeLeft UIInterfaceOrientationLandscapeRight";
				INFOPLIST_KEY_UISupportedInterfaceOrientations_iPhone = "UIInterfaceOrientationPortrait UIInterfaceOrientationLandscapeLeft UIInterfaceOrientationLandscapeRight";
				LD_RUNPATH_SEARCH_PATHS = (
					"$(inherited)",
					"@executable_path/Frameworks",
				);
				MARKETING_VERSION = 1.0;
				PRODUCT_BUNDLE_IDENTIFIER = com.migu.LaunchTest;
				PRODUCT_NAME = "$(TARGET_NAME)";
				SWIFT_EMIT_LOC_STRINGS = YES;
				TARGETED_DEVICE_FAMILY = "1,2";
			};
			name = Release;
		};
		A4C2364A28A2514100D43AF6 /* Debug */ = {
			isa = XCBuildConfiguration;
			baseConfigurationReference = 4618A18BC0B622C7EB3EBDE8 /* Pods-LaunchTestTests.debug.xcconfig */;
			buildSettings = {
				BUNDLE_LOADER = "$(TEST_HOST)";
				CODE_SIGN_STYLE = Automatic;
				CURRENT_PROJECT_VERSION = 1;
				DEVELOPMENT_TEAM = PC8ALQ6DAN;
				GENERATE_INFOPLIST_FILE = YES;
				IPHONEOS_DEPLOYMENT_TARGET = 15.5;
				MARKETING_VERSION = 1.0;
				PRODUCT_BUNDLE_IDENTIFIER = com.migu.LaunchTestTests;
				PRODUCT_NAME = "$(TARGET_NAME)";
				SWIFT_EMIT_LOC_STRINGS = NO;
				TARGETED_DEVICE_FAMILY = "1,2";
				TEST_HOST = "$(BUILT_PRODUCTS_DIR)/LaunchTest.app/LaunchTest";
			};
			name = Debug;
		};
		A4C2364B28A2514100D43AF6 /* Release */ = {
			isa = XCBuildConfiguration;
			baseConfigurationReference = 5BEE5A53D8FB394390B92123 /* Pods-LaunchTestTests.release.xcconfig */;
			buildSettings = {
				BUNDLE_LOADER = "$(TEST_HOST)";
				CODE_SIGN_STYLE = Automatic;
				CURRENT_PROJECT_VERSION = 1;
				DEVELOPMENT_TEAM = PC8ALQ6DAN;
				GENERATE_INFOPLIST_FILE = YES;
				IPHONEOS_DEPLOYMENT_TARGET = 15.5;
				MARKETING_VERSION = 1.0;
				PRODUCT_BUNDLE_IDENTIFIER = com.migu.LaunchTestTests;
				PRODUCT_NAME = "$(TARGET_NAME)";
				SWIFT_EMIT_LOC_STRINGS = NO;
				TARGETED_DEVICE_FAMILY = "1,2";
				TEST_HOST = "$(BUILT_PRODUCTS_DIR)/LaunchTest.app/LaunchTest";
			};
			name = Release;
		};
		A4C2364D28A2514100D43AF6 /* Debug */ = {
			isa = XCBuildConfiguration;
			baseConfigurationReference = 9A5980ADEBFA00AAB309F3B7 /* Pods-LaunchTest-LaunchTestUITests.debug.xcconfig */;
			buildSettings = {
				CODE_SIGN_STYLE = Automatic;
				CURRENT_PROJECT_VERSION = 1;
				DEVELOPMENT_TEAM = PC8ALQ6DAN;
				GENERATE_INFOPLIST_FILE = YES;
				MARKETING_VERSION = 1.0;
				PRODUCT_BUNDLE_IDENTIFIER = com.migu.LaunchTestUITests;
				PRODUCT_NAME = "$(TARGET_NAME)";
				SWIFT_EMIT_LOC_STRINGS = NO;
				TARGETED_DEVICE_FAMILY = "1,2";
				TEST_TARGET_NAME = LaunchTest;
			};
			name = Debug;
		};
		A4C2364E28A2514100D43AF6 /* Release */ = {
			isa = XCBuildConfiguration;
			baseConfigurationReference = 83CF7C3D718FF74449847068 /* Pods-LaunchTest-LaunchTestUITests.release.xcconfig */;
			buildSettings = {
				CODE_SIGN_STYLE = Automatic;
				CURRENT_PROJECT_VERSION = 1;
				DEVELOPMENT_TEAM = PC8ALQ6DAN;
				GENERATE_INFOPLIST_FILE = YES;
				MARKETING_VERSION = 1.0;
				PRODUCT_BUNDLE_IDENTIFIER = com.migu.LaunchTestUITests;
				PRODUCT_NAME = "$(TARGET_NAME)";
				SWIFT_EMIT_LOC_STRINGS = NO;
				TARGETED_DEVICE_FAMILY = "1,2";
				TEST_TARGET_NAME = LaunchTest;
			};
			name = Release;
		};
/* End XCBuildConfiguration section */

/* Begin XCConfigurationList section */
		A4C2361228A2513F00D43AF6 /* Build configuration list for PBXProject "LaunchTest" */ = {
			isa = XCConfigurationList;
			buildConfigurations = (
				A4C2364428A2514100D43AF6 /* Debug */,
				A4C2364528A2514100D43AF6 /* Release */,
			);
			defaultConfigurationIsVisible = 0;
			defaultConfigurationName = Release;
		};
		A4C2364628A2514100D43AF6 /* Build configuration list for PBXNativeTarget "LaunchTest" */ = {
			isa = XCConfigurationList;
			buildConfigurations = (
				A4C2364728A2514100D43AF6 /* Debug */,
				A4C2364828A2514100D43AF6 /* Release */,
			);
			defaultConfigurationIsVisible = 0;
			defaultConfigurationName = Release;
		};
		A4C2364928A2514100D43AF6 /* Build configuration list for PBXNativeTarget "LaunchTestTests" */ = {
			isa = XCConfigurationList;
			buildConfigurations = (
				A4C2364A28A2514100D43AF6 /* Debug */,
				A4C2364B28A2514100D43AF6 /* Release */,
			);
			defaultConfigurationIsVisible = 0;
			defaultConfigurationName = Release;
		};
		A4C2364C28A2514100D43AF6 /* Build configuration list for PBXNativeTarget "LaunchTestUITests" */ = {
			isa = XCConfigurationList;
			buildConfigurations = (
				A4C2364D28A2514100D43AF6 /* Debug */,
				A4C2364E28A2514100D43AF6 /* Release */,
			);
			defaultConfigurationIsVisible = 0;
			defaultConfigurationName = Release;
		};
/* End XCConfigurationList section */
	};
	rootObject = A4C2360F28A2513F00D43AF6 /* Project object */;
}
