// !$*UTF8*$!
{
	archiveVersion = 1;
	classes = {
	};
	objectVersion = 55;
	objects = {

/* Begin PBXBuildFile section */
		A4C2361C28A2513F00D43AF6 /* AppDelegate.m in Sources */ = {isa = PBXBuildFile; fileRef = A4C2361B28A2513F00D43AF6 /* AppDelegate.m */; };
		A4C2361F28A2513F00D43AF6 /* SceneDelegate.m in Sources */ = {isa = PBXBuildFile; fileRef = A4C2361E28A2513F00D43AF6 /* SceneDelegate.m */; };
		A4C2362228A2513F00D43AF6 /* ViewController.m in Sources */ = {isa = PBXBuildFile; fileRef = A4C2362128A2513F00D43AF6 /* ViewController.m */; };
		A4C2362528A2513F00D43AF6 /* Main.storyboard in Resources */ = {isa = PBXBuildFile; fileRef = A4C2362328A2513F00D43AF6 /* Main.storyboard */; };
		A4C2362728A2514100D43AF6 /* Assets.xcassets in Resources */ = {isa = PBXBuildFile; fileRef = A4C2362628A2514100D43AF6 /* Assets.xcassets */; };
		A4C2362A28A2514100D43AF6 /* LaunchScreen.storyboard in Resources */ = {isa = PBXBuildFile; fileRef = A4C2362828A2514100D43AF6 /* LaunchScreen.storyboard */; };
		A4C2362D28A2514100D43AF6 /* main.m in Sources */ = {isa = PBXBuildFile; fileRef = A4C2362C28A2514100D43AF6 /* main.m */; };
		A4C2363728A2514100D43AF6 /* LaunchTestTests.m in Sources */ = {isa = PBXBuildFile; fileRef = A4C2363628A2514100D43AF6 /* LaunchTestTests.m */; };
		A4C2364128A2514100D43AF6 /* LaunchTestUITests.m in Sources */ = {isa = PBXBuildFile; fileRef = A4C2364028A2514100D43AF6 /* LaunchTestUITests.m */; };
		A4C2364328A2514100D43AF6 /* LaunchTestUITestsLaunchTests.m in Sources */ = {isa = PBXBuildFile; fileRef = A4C2364228A2514100D43AF6 /* LaunchTestUITestsLaunchTests.m */; };
/* End PBXBuildFile section */

/* Begin PBXContainerItemProxy section */
		A4C2363328A2514100D43AF6 /* PBXContainerItemProxy */ = {
			isa = PBXContainerItemProxy;
			containerPortal = A4C2360F28A2513F00D43AF6 /* Project object */;
			proxyType = 1;
			remoteGlobalIDString = A4C2361628A2513F00D43AF6;
			remoteInfo = LaunchTest;
		};
		A4C2363D28A2514100D43AF6 /* PBXContainerItemProxy */ = {
			isa = PBXContainerItemProxy;
			containerPortal = A4C2360F28A2513F00D43AF6 /* Project object */;
			proxyType = 1;
			remoteGlobalIDString = A4C2361628A2513F00D43AF6;
			remoteInfo = LaunchTest;
		};
/* End PBXContainerItemProxy section */

/* Begin PBXFileReference section */
		A4C2361728A2513F00D43AF6 /* LaunchTest.app */ = {isa = PBXFileReference; explicitFileType = wrapper.application; includeInIndex = 0; path = LaunchTest.app; sourceTree = BUILT_PRODUCTS_DIR; };
		A4C2361A28A2513F00D43AF6 /* AppDelegate.h */ = {isa = PBXFileReference; lastKnownFileType = sourcecode.c.h; path = AppDelegate.h; sourceTree = "<group>"; };
		A4C2361B28A2513F00D43AF6 /* AppDelegate.m */ = {isa = PBXFileReference; lastKnownFileType = sourcecode.c.objc; path = AppDelegate.m; sourceTree = "<group>"; };
		A4C2361D28A2513F00D43AF6 /* SceneDelegate.h */ = {isa = PBXFileReference; lastKnownFileType = sourcecode.c.h; path = SceneDelegate.h; sourceTree = "<group>"; };
		A4C2361E28A2513F00D43AF6 /* SceneDelegate.m */ = {isa = PBXFileReference; lastKnownFileType = sourcecode.c.objc; path = SceneDelegate.m; sourceTree = "<group>"; };
		A4C2362028A2513F00D43AF6 /* ViewController.h */ = {isa = PBXFileReference; lastKnownFileType = sourcecode.c.h; path = ViewController.h; sourceTree = "<group>"; };
		A4C2362128A2513F00D43AF6 /* ViewController.m */ = {isa = PBXFileReference; lastKnownFileType = sourcecode.c.objc; path = ViewController.m; sourceTree = "<group>"; };
		A4C2362428A2513F00D43AF6 /* Base */ = {isa = PBXFileReference; lastKnownFileType = file.storyboard; name = Base; path = Base.lproj/Main.storyboard; sourceTree = "<group>"; };
		A4C2362628A2514100D43AF6 /* Assets.xcassets */ = {isa = PBXFileReference; lastKnownFileType = folder.assetcatalog; path = Assets.xcassets; sourceTree = "<group>"; };
		A4C2362928A2514100D43AF6 /* Base */ = {isa = PBXFileReference; lastKnownFileType = file.storyboard; name = Base; path = Base.lproj/LaunchScreen.storyboard; sourceTree = "<group>"; };
		A4C2362B28A2514100D43AF6 /* Info.plist */ = {isa = PBXFileReference; lastKnownFileType = text.plist.xml; path = Info.plist; sourceTree = "<group>"; };
		A4C2362C28A2514100D43AF6 /* main.m */ = {isa = PBXFileReference; lastKnownFileType = sourcecode.c.objc; path = main.m; sourceTree = "<group>"; };
		A4C2363228A2514100D43AF6 /* LaunchTestTests.xctest */ = {isa = PBXFileReference; explicitFileType = wrapper.cfbundle; includeInIndex = 0; path = LaunchTestTests.xctest; sourceTree = BUILT_PRODUCTS_DIR; };
		A4C2363628A2514100D43AF6 /* LaunchTestTests.m */ = {isa = PBXFileReference; lastKnownFileType = sourcecode.c.objc; path = LaunchTestTests.m; sourceTree = "<group>"; };
		A4C2363C28A2514100D43AF6 /* LaunchTestUITests.xctest */ = {isa = PBXFileReference; explicitFileType = wrapper.cfbundle; includeInIndex = 0; path = LaunchTestUITests.xctest; sourceTree = BUILT_PRODUCTS_DIR; };
		A4C2364028A2514100D43AF6 /* LaunchTestUITests.m */ = {isa = PBXFileReference; lastKnownFileType = sourcecode.c.objc; path = LaunchTestUITests.m; sourceTree = "<group>"; };
		A4C2364228A2514100D43AF6 /* LaunchTestUITestsLaunchTests.m */ = {isa = PBXFileReference; lastKnownFileType = sourcecode.c.objc; path = LaunchTestUITestsLaunchTests.m; sourceTree = "<group>"; };
/* End PBXFileReference section */

/* Begin PBXFrameworksBuildPhase section */
		A4C2361428A2513F00D43AF6 /* Frameworks */ = {
			isa = PBXFrameworksBuildPhase;
			buildActionMask = 2147483647;
			files = (
			);
			runOnlyForDeploymentPostprocessing = 0;
		};
		A4C2362F28A2514100D43AF6 /* Frameworks */ = {
			isa = PBXFrameworksBuildPhase;
			buildActionMask = 2147483647;
			files = (
			);
			runOnlyForDeploymentPostprocessing = 0;
		};
		A4C2363928A2514100D43AF6 /* Frameworks */ = {
			isa = PBXFrameworksBuildPhase;
			buildActionMask = 2147483647;
			files = (
			);
			runOnlyForDeploymentPostprocessing = 0;
		};
/* End PBXFrameworksBuildPhase section */

/* Begin PBXGroup section */
		A4C2360E28A2513F00D43AF6 = {
			isa = PBXGroup;
			children = (
				A4C2361928A2513F00D43AF6 /* LaunchTest */,
				A4C2363528A2514100D43AF6 /* LaunchTestTests */,
				A4C2363F28A2514100D43AF6 /* LaunchTestUITests */,
				A4C2361828A2513F00D43AF6 /* Products */,
			);
			sourceTree = "<group>";
		};
		A4C2361828A2513F00D43AF6 /* Products */ = {
			isa = PBXGroup;
			children = (
				A4C2361728A2513F00D43AF6 /* LaunchTest.app */,
				A4C2363228A2514100D43AF6 /* LaunchTestTests.xctest */,
				A4C2363C28A2514100D43AF6 /* LaunchTestUITests.xctest */,
			);
			name = Products;
			sourceTree = "<group>";
		};
		A4C2361928A2513F00D43AF6 /* LaunchTest */ = {
			isa = PBXGroup;
			children = (
				A4C2361A28A2513F00D43AF6 /* AppDelegate.h */,
				A4C2361B28A2513F00D43AF6 /* AppDelegate.m */,
				A4C2361D28A2513F00D43AF6 /* SceneDelegate.h */,
				A4C2361E28A2513F00D43AF6 /* SceneDelegate.m */,
				A4C2362028A2513F00D43AF6 /* ViewController.h */,
				A4C2362128A2513F00D43AF6 /* ViewController.m */,
				A4C2362328A2513F00D43AF6 /* Main.storyboard */,
				A4C2362628A2514100D43AF6 /* Assets.xcassets */,
				A4C2362828A2514100D43AF6 /* LaunchScreen.storyboard */,
				A4C2362B28A2514100D43AF6 /* Info.plist */,
				A4C2362C28A2514100D43AF6 /* main.m */,
			);
			path = LaunchTest;
			sourceTree = "<group>";
		};
		A4C2363528A2514100D43AF6 /* LaunchTestTests */ = {
			isa = PBXGroup;
			children = (
				A4C2363628A2514100D43AF6 /* LaunchTestTests.m */,
			);
			path = LaunchTestTests;
			sourceTree = "<group>";
		};
		A4C2363F28A2514100D43AF6 /* LaunchTestUITests */ = {
			isa = PBXGroup;
			children = (
				A4C2364028A2514100D43AF6 /* LaunchTestUITests.m */,
				A4C2364228A2514100D43AF6 /* LaunchTestUITestsLaunchTests.m */,
			);
			path = LaunchTestUITests;
			sourceTree = "<group>";
		};
/* End PBXGroup section */

/* Begin PBXNativeTarget section */
		A4C2361628A2513F00D43AF6 /* LaunchTest */ = {
			isa = PBXNativeTarget;
			buildConfigurationList = A4C2364628A2514100D43AF6 /* Build configuration list for PBXNativeTarget "LaunchTest" */;
			buildPhases = (
				A4C2361328A2513F00D43AF6 /* Sources */,
				A4C2361428A2513F00D43AF6 /* Frameworks */,
				A4C2361528A2513F00D43AF6 /* Resources */,
			);
			buildRules = (
			);
			dependencies = (
			);
			name = LaunchTest;
			productName = LaunchTest;
			productReference = A4C2361728A2513F00D43AF6 /* LaunchTest.app */;
			productType = "com.apple.product-type.application";
		};
		A4C2363128A2514100D43AF6 /* LaunchTestTests */ = {
			isa = PBXNativeTarget;
			buildConfigurationList = A4C2364928A2514100D43AF6 /* Build configuration list for PBXNativeTarget "LaunchTestTests" */;
			buildPhases = (
				A4C2362E28A2514100D43AF6 /* Sources */,
				A4C2362F28A2514100D43AF6 /* Frameworks */,
				A4C2363028A2514100D43AF6 /* Resources */,
			);
			buildRules = (
			);
			dependencies = (
				A4C2363428A2514100D43AF6 /* PBXTargetDependency */,
			);
			name = LaunchTestTests;
			productName = LaunchTestTests;
			productReference = A4C2363228A2514100D43AF6 /* LaunchTestTests.xctest */;
			productType = "com.apple.product-type.bundle.unit-test";
		};
		A4C2363B28A2514100D43AF6 /* LaunchTestUITests */ = {
			isa = PBXNativeTarget;
			buildConfigurationList = A4C2364C28A2514100D43AF6 /* Build configuration list for PBXNativeTarget "LaunchTestUITests" */;
			buildPhases = (
				A4C2363828A2514100D43AF6 /* Sources */,
				A4C2363928A2514100D43AF6 /* Frameworks */,
				A4C2363A28A2514100D43AF6 /* Resources */,
			);
			buildRules = (
			);
			dependencies = (
				A4C2363E28A2514100D43AF6 /* PBXTargetDependency */,
			);
			name = LaunchTestUITests;
			productName = LaunchTestUITests;
			productReference = A4C2363C28A2514100D43AF6 /* LaunchTestUITests.xctest */;
			productType = "com.apple.product-type.bundle.ui-testing";
		};
/* End PBXNativeTarget section */

/* Begin PBXProject section */
		A4C2360F28A2513F00D43AF6 /* Project object */ = {
			isa = PBXProject;
			attributes = {
				BuildIndependentTargetsInParallel = 1;
				LastUpgradeCheck = 1340;
				TargetAttributes = {
					A4C2361628A2513F00D43AF6 = {
						CreatedOnToolsVersion = 13.4.1;
					};
					A4C2363128A2514100D43AF6 = {
						CreatedOnToolsVersion = 13.4.1;
						TestTargetID = A4C2361628A2513F00D43AF6;
					};
					A4C2363B28A2514100D43AF6 = {
						CreatedOnToolsVersion = 13.4.1;
						TestTargetID = A4C2361628A2513F00D43AF6;
					};
				};
			};
			buildConfigurationList = A4C2361228A2513F00D43AF6 /* Build configuration list for PBXProject "LaunchTest" */;
			compatibilityVersion = "Xcode 13.0";
			developmentRegion = en;
			hasScannedForEncodings = 0;
			knownRegions = (
				en,
				Base,
			);
			mainGroup = A4C2360E28A2513F00D43AF6;
			productRefGroup = A4C2361828A2513F00D43AF6 /* Products */;
			projectDirPath = "";
			projectRoot = "";
			targets = (
				A4C2361628A2513F00D43AF6 /* LaunchTest */,
				A4C2363128A2514100D43AF6 /* LaunchTestTests */,
				A4C2363B28A2514100D43AF6 /* LaunchTestUITests */,
			);
		};
/* End PBXProject section */

/* Begin PBXResourcesBuildPhase section */
		A4C2361528A2513F00D43AF6 /* Resources */ = {
			isa = PBXResourcesBuildPhase;
			buildActionMask = 2147483647;
			files = (
				A4C2362A28A2514100D43AF6 /* LaunchScreen.storyboard in Resources */,
				A4C2362728A2514100D43AF6 /* Assets.xcassets in Resources */,
				A4C2362528A2513F00D43AF6 /* Main.storyboard in Resources */,
			);
			runOnlyForDeploymentPostprocessing = 0;
		};
		A4C2363028A2514100D43AF6 /* Resources */ = {
			isa = PBXResourcesBuildPhase;
			buildActionMask = 2147483647;
			files = (
			);
			runOnlyForDeploymentPostprocessing = 0;
		};
		A4C2363A28A2514100D43AF6 /* Resources */ = {
			isa = PBXResourcesBuildPhase;
			buildActionMask = 2147483647;
			files = (
			);
			runOnlyForDeploymentPostprocessing = 0;
		};
/* End PBXResourcesBuildPhase section */

/* Begin PBXSourcesBuildPhase section */
		A4C2361328A2513F00D43AF6 /* Sources */ = {
			isa = PBXSourcesBuildPhase;
			buildActionMask = 2147483647;
			files = (
				A4C2362228A2513F00D43AF6 /* ViewController.m in Sources */,
				A4C2361C28A2513F00D43AF6 /* AppDelegate.m in Sources */,
				A4C2362D28A2514100D43AF6 /* main.m in Sources */,
				A4C2361F28A2513F00D43AF6 /* SceneDelegate.m in Sources */,
			);
			runOnlyForDeploymentPostprocessing = 0;
		};
		A4C2362E28A2514100D43AF6 /* Sources */ = {
			isa = PBXSourcesBuildPhase;
			buildActionMask = 2147483647;
			files = (
				A4C2363728A2514100D43AF6 /* LaunchTestTests.m in Sources */,
			);
			runOnlyForDeploymentPostprocessing = 0;
		};
		A4C2363828A2514100D43AF6 /* Sources */ = {
			isa = PBXSourcesBuildPhase;
			buildActionMask = 2147483647;
			files = (
				A4C2364128A2514100D43AF6 /* LaunchTestUITests.m in Sources */,
				A4C2364328A2514100D43AF6 /* LaunchTestUITestsLaunchTests.m in Sources */,
			);
			runOnlyForDeploymentPostprocessing = 0;
		};
/* End PBXSourcesBuildPhase section */

/* Begin PBXTargetDependency section */
		A4C2363428A2514100D43AF6 /* PBXTargetDependency */ = {
			isa = PBXTargetDependency;
			target = A4C2361628A2513F00D43AF6 /* LaunchTest */;
			targetProxy = A4C2363328A2514100D43AF6 /* PBXContainerItemProxy */;
		};
		A4C2363E28A2514100D43AF6 /* PBXTargetDependency */ = {
			isa = PBXTargetDependency;
			target = A4C2361628A2513F00D43AF6 /* LaunchTest */;
			targetProxy = A4C2363D28A2514100D43AF6 /* PBXContainerItemProxy */;
		};
/* End PBXTargetDependency section */

/* Begin PBXVariantGroup section */
		A4C2362328A2513F00D43AF6 /* Main.storyboard */ = {
			isa = PBXVariantGroup;
			children = (
				A4C2362428A2513F00D43AF6 /* Base */,
			);
			name = Main.storyboard;
			sourceTree = "<group>";
		};
		A4C2362828A2514100D43AF6 /* LaunchScreen.storyboard */ = {
			isa = PBXVariantGroup;
			children = (
				A4C2362928A2514100D43AF6 /* Base */,
			);
			name = LaunchScreen.storyboard;
			sourceTree = "<group>";
		};
/* End PBXVariantGroup section */

/* Begin XCBuildConfiguration section */
		A4C2364428A2514100D43AF6 /* Debug */ = {
			isa = XCBuildConfiguration;
			buildSettings = {
				ALWAYS_SEARCH_USER_PATHS = NO;
				CLANG_ANALYZER_NONNULL = YES;
				CLANG_ANALYZER_NUMBER_OBJECT_CONVERSION = YES_AGGRESSIVE;
				CLANG_CXX_LANGUAGE_STANDARD = "gnu++17";
				CLANG_ENABLE_MODULES = YES;
				CLANG_ENABLE_OBJC_ARC = YES;
				CLANG_ENABLE_OBJC_WEAK = YES;
				CLANG_WARN_BLOCK_CAPTURE_AUTORELEASING = YES;
				CLANG_WARN_BOOL_CONVERSION = YES;
				CLANG_WARN_COMMA = YES;
				CLANG_WARN_CONSTANT_CONVERSION = YES;
				CLANG_WARN_DEPRECATED_OBJC_IMPLEMENTATIONS = YES;
				CLANG_WARN_DIRECT_OBJC_ISA_USAGE = YES_ERROR;
				CLANG_WARN_DOCUMENTATION_COMMENTS = YES;
				CLANG_WARN_EMPTY_BODY = YES;
				CLANG_WARN_ENUM_CONVERSION = YES;
				CLANG_WARN_INFINITE_RECURSION = YES;
				CLANG_WARN_INT_CONVERSION = YES;
				CLANG_WARN_NON_LITERAL_NULL_CONVERSION = YES;
				CLANG_WARN_OBJC_IMPLICIT_RETAIN_SELF = YES;
				CLANG_WARN_OBJC_LITERAL_CONVERSION = YES;
				CLANG_WARN_OBJC_ROOT_CLASS = YES_ERROR;
				CLANG_WARN_QUOTED_INCLUDE_IN_FRAMEWORK_HEADER = YES;
				CLANG_WARN_RANGE_LOOP_ANALYSIS = YES;
				CLANG_WARN_STRICT_PROTOTYPES = YES;
				CLANG_WARN_SUSPICIOUS_MOVE = YES;
				CLANG_WARN_UNGUARDED_AVAILABILITY = YES_AGGRESSIVE;
				CLANG_WARN_UNREACHABLE_CODE = YES;
				CLANG_WARN__DUPLICATE_METHOD_MATCH = YES;
				COPY_PHASE_STRIP = NO;
				DEBUG_INFORMATION_FORMAT = dwarf;
				ENABLE_STRICT_OBJC_MSGSEND = YES;
				ENABLE_TESTABILITY = YES;
				GCC_C_LANGUAGE_STANDARD = gnu11;
				GCC_DYNAMIC_NO_PIC = NO;
				GCC_NO_COMMON_BLOCKS = YES;
				GCC_OPTIMIZATION_LEVEL = 0;
				GCC_PREPROCESSOR_DEFINITIONS = (
					"DEBUG=1",
					"$(inherited)",
				);
				GCC_WARN_64_TO_32_BIT_CONVERSION = YES;
				GCC_WARN_ABOUT_RETURN_TYPE = YES_ERROR;
				GCC_WARN_UNDECLARED_SELECTOR = YES;
				GCC_WARN_UNINITIALIZED_AUTOS = YES_AGGRESSIVE;
				GCC_WARN_UNUSED_FUNCTION = YES;
				GCC_WARN_UNUSED_VARIABLE = YES;
				IPHONEOS_DEPLOYMENT_TARGET = 15.5;
				MTL_ENABLE_DEBUG_INFO = INCLUDE_SOURCE;
				MTL_FAST_MATH = YES;
				ONLY_ACTIVE_ARCH = YES;
				SDKROOT = iphoneos;
			};
			name = Debug;
		};
		A4C2364528A2514100D43AF6 /* Release */ = {
			isa = XCBuildConfiguration;
			buildSettings = {
				ALWAYS_SEARCH_USER_PATHS = NO;
				CLANG_ANALYZER_NONNULL = YES;
				CLANG_ANALYZER_NUMBER_OBJECT_CONVERSION = YES_AGGRESSIVE;
				CLANG_CXX_LANGUAGE_STANDARD = "gnu++17";
				CLANG_ENABLE_MODULES = YES;
				CLANG_ENABLE_OBJC_ARC = YES;
				CLANG_ENABLE_OBJC_WEAK = YES;
				CLANG_WARN_BLOCK_CAPTURE_AUTORELEASING = YES;
				CLANG_WARN_BOOL_CONVERSION = YES;
				CLANG_WARN_COMMA = YES;
				CLANG_WARN_CONSTANT_CONVERSION = YES;
				CLANG_WARN_DEPRECATED_OBJC_IMPLEMENTATIONS = YES;
				CLANG_WARN_DIRECT_OBJC_ISA_USAGE = YES_ERROR;
				CLANG_WARN_DOCUMENTATION_COMMENTS = YES;
				CLANG_WARN_EMPTY_BODY = YES;
				CLANG_WARN_ENUM_CONVERSION = YES;
				CLANG_WARN_INFINITE_RECURSION = YES;
				CLANG_WARN_INT_CONVERSION = YES;
				CLANG_WARN_NON_LITERAL_NULL_CONVERSION = YES;
				CLANG_WARN_OBJC_IMPLICIT_RETAIN_SELF = YES;
				CLANG_WARN_OBJC_LITERAL_CONVERSION = YES;
				CLANG_WARN_OBJC_ROOT_CLASS = YES_ERROR;
				CLANG_WARN_QUOTED_INCLUDE_IN_FRAMEWORK_HEADER = YES;
				CLANG_WARN_RANGE_LOOP_ANALYSIS = YES;
				CLANG_WARN_STRICT_PROTOTYPES = YES;
				CLANG_WARN_SUSPICIOUS_MOVE = YES;
				CLANG_WARN_UNGUARDED_AVAILABILITY = YES_AGGRESSIVE;
				CLANG_WARN_UNREACHABLE_CODE = YES;
				CLANG_WARN__DUPLICATE_METHOD_MATCH = YES;
				COPY_PHASE_STRIP = NO;
				DEBUG_INFORMATION_FORMAT = "dwarf-with-dsym";
				ENABLE_NS_ASSERTIONS = NO;
				ENABLE_STRICT_OBJC_MSGSEND = YES;
				GCC_C_LANGUAGE_STANDARD = gnu11;
				GCC_NO_COMMON_BLOCKS = YES;
				GCC_WARN_64_TO_32_BIT_CONVERSION = YES;
				GCC_WARN_ABOUT_RETURN_TYPE = YES_ERROR;
				GCC_WARN_UNDECLARED_SELECTOR = YES;
				GCC_WARN_UNINITIALIZED_AUTOS = YES_AGGRESSIVE;
				GCC_WARN_UNUSED_FUNCTION = YES;
				GCC_WARN_UNUSED_VARIABLE = YES;
				IPHONEOS_DEPLOYMENT_TARGET = 15.5;
				MTL_ENABLE_DEBUG_INFO = NO;
				MTL_FAST_MATH = YES;
				SDKROOT = iphoneos;
				VALIDATE_PRODUCT = YES;
			};
			name = Release;
		};
		A4C2364728A2514100D43AF6 /* Debug */ = {
			isa = XCBuildConfiguration;
			buildSettings = {
				ASSETCATALOG_COMPILER_APPICON_NAME = AppIcon;
				ASSETCATALOG_COMPILER_GLOBAL_ACCENT_COLOR_NAME = AccentColor;
				CODE_SIGN_STYLE = Automatic;
				CURRENT_PROJECT_VERSION = 1;
				DEVELOPMENT_TEAM = PC8ALQ6DAN;
				GENERATE_INFOPLIST_FILE = YES;
				INFOPLIST_FILE = LaunchTest/Info.plist;
				INFOPLIST_KEY_UIApplicationSupportsIndirectInputEvents = YES;
				INFOPLIST_KEY_UILaunchStoryboardName = LaunchScreen;
				INFOPLIST_KEY_UIMainStoryboardFile = Main;
				INFOPLIST_KEY_UISupportedInterfaceOrientations_iPad = "UIInterfaceOrientationPortrait UIInterfaceOrientationPortraitUpsideDown UIInterfaceOrientationLandscapeLeft UIInterfaceOrientationLandscapeRight";
				INFOPLIST_KEY_UISupportedInterfaceOrientations_iPhone = "UIInterfaceOrientationPortrait UIInterfaceOrientationLandscapeLeft UIInterfaceOrientationLandscapeRight";
				LD_RUNPATH_SEARCH_PATHS = (
					"$(inherited)",
					"@executable_path/Frameworks",
				);
				MARKETING_VERSION = 1.0;
				PRODUCT_BUNDLE_IDENTIFIER = com.migu.LaunchTest;
				PRODUCT_NAME = "$(TARGET_NAME)";
				SWIFT_EMIT_LOC_STRINGS = YES;
				TARGETED_DEVICE_FAMILY = "1,2";
			};
			name = Debug;
		};
		A4C2364828A2514100D43AF6 /* Release */ = {
			isa = XCBuildConfiguration;
			buildSettings = {
				ASSETCATALOG_COMPILER_APPICON_NAME = AppIcon;
				ASSETCATALOG_COMPILER_GLOBAL_ACCENT_COLOR_NAME = AccentColor;
				CODE_SIGN_STYLE = Automatic;
				CURRENT_PROJECT_VERSION = 1;
				DEVELOPMENT_TEAM = PC8ALQ6DAN;
				GENERATE_INFOPLIST_FILE = YES;
				INFOPLIST_FILE = LaunchTest/Info.plist;
				INFOPLIST_KEY_UIApplicationSupportsIndirectInputEvents = YES;
				INFOPLIST_KEY_UILaunchStoryboardName = LaunchScreen;
				INFOPLIST_KEY_UIMainStoryboardFile = Main;
				INFOPLIST_KEY_UISupportedInterfaceOrientations_iPad = "UIInterfaceOrientationPortrait UIInterfaceOrientationPortraitUpsideDown UIInterfaceOrientationLandscapeLeft UIInterfaceOrientationLandscapeRight";
				INFOPLIST_KEY_UISupportedInterfaceOrientations_iPhone = "UIInterfaceOrientationPortrait UIInterfaceOrientationLandscapeLeft UIInterfaceOrientationLandscapeRight";
				LD_RUNPATH_SEARCH_PATHS = (
					"$(inherited)",
					"@executable_path/Frameworks",
				);
				MARKETING_VERSION = 1.0;
				PRODUCT_BUNDLE_IDENTIFIER = com.migu.LaunchTest;
				PRODUCT_NAME = "$(TARGET_NAME)";
				SWIFT_EMIT_LOC_STRINGS = YES;
				TARGETED_DEVICE_FAMILY = "1,2";
			};
			name = Release;
		};
		A4C2364A28A2514100D43AF6 /* Debug */ = {
			isa = XCBuildConfiguration;
			buildSettings = {
				BUNDLE_LOADER = "$(TEST_HOST)";
				CODE_SIGN_STYLE = Automatic;
				CURRENT_PROJECT_VERSION = 1;
				DEVELOPMENT_TEAM = PC8ALQ6DAN;
				GENERATE_INFOPLIST_FILE = YES;
				IPHONEOS_DEPLOYMENT_TARGET = 15.5;
				MARKETING_VERSION = 1.0;
				PRODUCT_BUNDLE_IDENTIFIER = com.migu.LaunchTestTests;
				PRODUCT_NAME = "$(TARGET_NAME)";
				SWIFT_EMIT_LOC_STRINGS = NO;
				TARGETED_DEVICE_FAMILY = "1,2";
				TEST_HOST = "$(BUILT_PRODUCTS_DIR)/LaunchTest.app/LaunchTest";
			};
			name = Debug;
		};
		A4C2364B28A2514100D43AF6 /* Release */ = {
			isa = XCBuildConfiguration;
			buildSettings = {
				BUNDLE_LOADER = "$(TEST_HOST)";
				CODE_SIGN_STYLE = Automatic;
				CURRENT_PROJECT_VERSION = 1;
				DEVELOPMENT_TEAM = PC8ALQ6DAN;
				GENERATE_INFOPLIST_FILE = YES;
				IPHONEOS_DEPLOYMENT_TARGET = 15.5;
				MARKETING_VERSION = 1.0;
				PRODUCT_BUNDLE_IDENTIFIER = com.migu.LaunchTestTests;
				PRODUCT_NAME = "$(TARGET_NAME)";
				SWIFT_EMIT_LOC_STRINGS = NO;
				TARGETED_DEVICE_FAMILY = "1,2";
				TEST_HOST = "$(BUILT_PRODUCTS_DIR)/LaunchTest.app/LaunchTest";
			};
			name = Release;
		};
		A4C2364D28A2514100D43AF6 /* Debug */ = {
			isa = XCBuildConfiguration;
			buildSettings = {
				CODE_SIGN_STYLE = Automatic;
				CURRENT_PROJECT_VERSION = 1;
				DEVELOPMENT_TEAM = PC8ALQ6DAN;
				GENERATE_INFOPLIST_FILE = YES;
				MARKETING_VERSION = 1.0;
				PRODUCT_BUNDLE_IDENTIFIER = com.migu.LaunchTestUITests;
				PRODUCT_NAME = "$(TARGET_NAME)";
				SWIFT_EMIT_LOC_STRINGS = NO;
				TARGETED_DEVICE_FAMILY = "1,2";
				TEST_TARGET_NAME = LaunchTest;
			};
			name = Debug;
		};
		A4C2364E28A2514100D43AF6 /* Release */ = {
			isa = XCBuildConfiguration;
			buildSettings = {
				CODE_SIGN_STYLE = Automatic;
				CURRENT_PROJECT_VERSION = 1;
				DEVELOPMENT_TEAM = PC8ALQ6DAN;
				GENERATE_INFOPLIST_FILE = YES;
				MARKETING_VERSION = 1.0;
				PRODUCT_BUNDLE_IDENTIFIER = com.migu.LaunchTestUITests;
				PRODUCT_NAME = "$(TARGET_NAME)";
				SWIFT_EMIT_LOC_STRINGS = NO;
				TARGETED_DEVICE_FAMILY = "1,2";
				TEST_TARGET_NAME = LaunchTest;
			};
			name = Release;
		};
/* End XCBuildConfiguration section */

/* Begin XCConfigurationList section */
		A4C2361228A2513F00D43AF6 /* Build configuration list for PBXProject "LaunchTest" */ = {
			isa = XCConfigurationList;
			buildConfigurations = (
				A4C2364428A2514100D43AF6 /* Debug */,
				A4C2364528A2514100D43AF6 /* Release */,
			);
			defaultConfigurationIsVisible = 0;
			defaultConfigurationName = Release;
		};
		A4C2364628A2514100D43AF6 /* Build configuration list for PBXNativeTarget "LaunchTest" */ = {
			isa = XCConfigurationList;
			buildConfigurations = (
				A4C2364728A2514100D43AF6 /* Debug */,
				A4C2364828A2514100D43AF6 /* Release */,
			);
			defaultConfigurationIsVisible = 0;
			defaultConfigurationName = Release;
		};
		A4C2364928A2514100D43AF6 /* Build configuration list for PBXNativeTarget "LaunchTestTests" */ = {
			isa = XCConfigurationList;
			buildConfigurations = (
				A4C2364A28A2514100D43AF6 /* Debug */,
				A4C2364B28A2514100D43AF6 /* Release */,
			);
			defaultConfigurationIsVisible = 0;
			defaultConfigurationName = Release;
		};
		A4C2364C28A2514100D43AF6 /* Build configuration list for PBXNativeTarget "LaunchTestUITests" */ = {
			isa = XCConfigurationList;
			buildConfigurations = (
				A4C2364D28A2514100D43AF6 /* Debug */,
				A4C2364E28A2514100D43AF6 /* Release */,
			);
			defaultConfigurationIsVisible = 0;
			defaultConfigurationName = Release;
		};
/* End XCConfigurationList section */
	};
	rootObject = A4C2360F28A2513F00D43AF6 /* Project object */;
}
